
Microsoft Visual Studio Solution File, Format Version 12.00
# Visual Studio 15
VisualStudioVersion = 15.0.28010.2046
MinimumVisualStudioVersion = 10.0.40219.1
Project("{FAE04EC0-301F-11D3-BF4B-00C04F79EFBC}") = "CSharpTutorial.Library", "CSharpTutorial.Library\CSharpTutorial.Library.csproj", "{EFC5CE67-3CDB-44DA-83E6-69651C750535}"
EndProject
Project("{FAE04EC0-301F-11D3-BF4B-00C04F79EFBC}") = "CSharpTutorial.Console", "CSharpTutorial.Console\CSharpTutorial.Console.csproj", "{9AD5DE0D-A5ED-4397-B22B-4D7531F15C16}"
EndProject
Project("{FAE04EC0-301F-11D3-BF4B-00C04F79EFBC}") = "CSharpTutorial.Test", "CSharpTutorial.Test\CSharpTutorial.Test.csproj", "{7C124A0F-82BD-43C7-BE67-D0B723B6F9BC}"
EndProject
Project("{2150E333-8FDC-42A3-9474-1A3956D46DE8}") = "Algorithms", "Algorithms", "{0669D273-5E3A-4FB2-B575-263FBB983796}"
EndProject
Project("{FAE04EC0-301F-11D3-BF4B-00C04F79EFBC}") = "DataStructuresAndAlgorithms", "Algorithms\DataStructuresAndAlgorithms\DataStructuresAndAlgorithms.csproj", "{2E243E7D-EF38-43ED-B547-06064605D485}"
EndProject
Project("{FAE04EC0-301F-11D3-BF4B-00C04F79EFBC}") = "DataStructuresAndAlgorithms.Console", "Algorithms\DataStructuresAndAlgorithms.Console\DataStructuresAndAlgorithms.Console.csproj", "{6BDD3E81-A1FE-4568-8171-19D8901C7D12}"
EndProject
Project("{FAE04EC0-301F-11D3-BF4B-00C04F79EFBC}") = "DataStructuresAndAlgorithms.Logic", "Algorithms\DataStructuresAndAlgorithms.Logic\DataStructuresAndAlgorithms.Logic.csproj", "{26FC7659-9EAA-4393-AD3C-94556BC2EF3F}"
EndProject
Project("{FAE04EC0-301F-11D3-BF4B-00C04F79EFBC}") = "DataStructuresAndAlgorithms.Test", "Algorithms\DataStructuresAndAlgorithms.Test\DataStructuresAndAlgorithms.Test.csproj", "{26F9AAB2-3BD1-4DA6-B5B7-FC3809382823}"
EndProject
Project("{FAE04EC0-301F-11D3-BF4B-00C04F79EFBC}") = "HackerrankAlgorithms.Logic", "Algorithms\HackerrankAlgorithms.Logic\HackerrankAlgorithms.Logic.csproj", "{784C2ADD-8422-44DB-920D-6200EC0875F9}"
EndProject
Project("{FAE04EC0-301F-11D3-BF4B-00C04F79EFBC}") = "HackerrankAlgorithms.Test", "Algorithms\HackerrankAlgorithms.Test\HackerrankAlgorithms.Test.csproj", "{DA15517F-92FC-475D-92DE-72BBDEF63603}"
EndProject
Project("{2150E333-8FDC-42A3-9474-1A3956D46DE8}") = "CrackingTheCodingInterview", "CrackingTheCodingInterview", "{D6242BD2-6428-423C-BA55-BD5FC70FDE25}"
EndProject
Project("{2150E333-8FDC-42A3-9474-1A3956D46DE8}") = "Solution1", "Solution1", "{F1EAE37B-941D-45CC-8B36-E7974278553C}"
EndProject
Project("{2150E333-8FDC-42A3-9474-1A3956D46DE8}") = "Solution2", "Solution2", "{8614EAA9-07B6-4F4B-94CF-4EC046AB67C4}"
EndProject
Project("{9A19103F-16F7-4668-BE54-9A1E7A4F7556}") = "Ch 01. Arrays and Strings", "CrackingTheCodingInterview\Solution1\Ch 01. Arrays and Strings\Ch 01. Arrays and Strings.csproj", "{CF19BC1A-E4DB-426C-9DF7-B3865EAE257D}"
EndProject
Project("{9A19103F-16F7-4668-BE54-9A1E7A4F7556}") = "Ch 02. Linked Lists", "CrackingTheCodingInterview\Solution1\Ch 02. Linked Lists\Ch 02. Linked Lists.csproj", "{1174323F-1CE1-43DB-B2BF-7A4B2E5B5400}"
EndProject
Project("{9A19103F-16F7-4668-BE54-9A1E7A4F7556}") = "Ch 04. Trees", "CrackingTheCodingInterview\Solution1\Ch 04. Trees\Ch 04. Trees.csproj", "{222EE5E2-15E8-4D7A-B265-BFE479FDD4DF}"
EndProject
Project("{9A19103F-16F7-4668-BE54-9A1E7A4F7556}") = "Ch 05. Bit Manipulation", "CrackingTheCodingInterview\Solution1\Ch 05. Bit Manipulation\Ch 05. Bit Manipulation.csproj", "{B6D4B1D6-F0CF-46F4-948F-899348FDE34C}"
EndProject
Project("{9A19103F-16F7-4668-BE54-9A1E7A4F7556}") = "Ch 10. Sorting and Searching", "CrackingTheCodingInterview\Solution1\Ch 10. Sorting and Searching\Ch 10. Sorting and Searching.csproj", "{2D2D5E79-EA35-49B9-8028-CEB4858F1545}"
EndProject
Project("{9A19103F-16F7-4668-BE54-9A1E7A4F7556}") = "Ch 16. Moderate", "CrackingTheCodingInterview\Solution1\Ch 16. Moderate\Ch 16. Moderate.csproj", "{326E67B4-BFD6-477B-8EC7-FCEFFB2A6883}"
EndProject
Project("{FAE04EC0-301F-11D3-BF4B-00C04F79EFBC}") = "ConsoleApp", "CrackingTheCodingInterview\Solution1\ConsoleApp\ConsoleApp.csproj", "{0B495C38-9D0D-4CD8-A273-0AD1755F6AF7}"
EndProject
Project("{9A19103F-16F7-4668-BE54-9A1E7A4F7556}") = "ConsoleApp2", "CrackingTheCodingInterview\Solution1\ConsoleApp2\ConsoleApp2.csproj", "{64C0A713-81F0-4C90-9070-D54CF44D6CD6}"
EndProject
Project("{9A19103F-16F7-4668-BE54-9A1E7A4F7556}") = "ctci", "CrackingTheCodingInterview\Solution1\ctci\ctci.csproj", "{74238BEE-0028-4CDC-AE55-A35F5BDF3EB0}"
EndProject
Project("{9A19103F-16F7-4668-BE54-9A1E7A4F7556}") = "ctci.Contracts", "CrackingTheCodingInterview\Solution1\ctci.Contracts\ctci.Contracts.csproj", "{10A472E3-CE9F-453F-85DA-B41270A89100}"
EndProject
Project("{9A19103F-16F7-4668-BE54-9A1E7A4F7556}") = "ctci.Library", "CrackingTheCodingInterview\Solution1\ctci.Library\ctci.Library.csproj", "{E7583487-D414-4272-A5E5-1FE805305AA9}"
EndProject
Project("{9A19103F-16F7-4668-BE54-9A1E7A4F7556}") = "ctci.Start", "CrackingTheCodingInterview\Solution1\ctci.Start\ctci.Start.csproj", "{E8CE542E-8C66-46DF-BE0B-BE9A9706152B}"
EndProject
Project("{9A19103F-16F7-4668-BE54-9A1E7A4F7556}") = "Introduction", "CrackingTheCodingInterview\Solution1\Introduction\Introduction.csproj", "{8D0DA878-1159-42ED-BD68-267EB9A77A62}"
EndProject
Project("{FAE04EC0-301F-11D3-BF4B-00C04F79EFBC}") = "Ch 01. Arrays and Strings", "CrackingTheCodingInterview\Solution2\Ch 01. Arrays and Strings\Ch 01. Arrays and Strings.csproj", "{36A745FA-4257-469E-8FE7-72A1B0F5177B}"
EndProject
Project("{FAE04EC0-301F-11D3-BF4B-00C04F79EFBC}") = "Ch 01. Arrays and Strings.Test", "CrackingTheCodingInterview\Solution2\Ch 01. Arrays and Strings.Test\Ch 01. Arrays and Strings.Test.csproj", "{ABDEAE1D-4492-43A4-BD9B-B5EFC54A8BBB}"
EndProject
Project("{FAE04EC0-301F-11D3-BF4B-00C04F79EFBC}") = "Ch 02. Linked Lists", "CrackingTheCodingInterview\Solution2\Ch 02. Linked Lists\Ch 02. Linked Lists.csproj", "{767427C2-9F31-46EA-94A2-38E1CFB1E12C}"
EndProject
Project("{FAE04EC0-301F-11D3-BF4B-00C04F79EFBC}") = "Ch 03. Stacks and Queues", "CrackingTheCodingInterview\Solution2\Ch 03. Stacks and Queues\Ch 03. Stacks and Queues.csproj", "{07C5FA2D-0E4C-4F62-AF3E-E9A3BBE7F852}"
EndProject
Project("{FAE04EC0-301F-11D3-BF4B-00C04F79EFBC}") = "Ch 04. Trees and Graphs", "CrackingTheCodingInterview\Solution2\Ch 04. Trees and Graphs\Ch 04. Trees and Graphs.csproj", "{20ED6760-9391-42CE-A2E7-D5EA505A5FF7}"
EndProject
Project("{FAE04EC0-301F-11D3-BF4B-00C04F79EFBC}") = "Ch 05. Bit Manipulation", "CrackingTheCodingInterview\Solution2\Ch 05. Bit Manipulation\Ch 05. Bit Manipulation.csproj", "{159DD0CB-B21C-43A6-9183-829AB3FBEC00}"
EndProject
Project("{FAE04EC0-301F-11D3-BF4B-00C04F79EFBC}") = "Ch 06. Math and Logic Puzzles", "CrackingTheCodingInterview\Solution2\Ch 06. Math and Logic Puzzles\Ch 06. Math and Logic Puzzles.csproj", "{0B6A1DB5-2A1D-49B5-8ABD-DA1FBB607D8F}"
EndProject
Project("{FAE04EC0-301F-11D3-BF4B-00C04F79EFBC}") = "Ch 07. Object-Oriented Design", "CrackingTheCodingInterview\Solution2\Ch 07. Object-Oriented Design\Ch 07. Object-Oriented Design.csproj", "{0A05B1CE-FAA0-417F-A1A3-A355CB5786DB}"
EndProject
Project("{FAE04EC0-301F-11D3-BF4B-00C04F79EFBC}") = "Ch 08. Recursion and Dynamic Programming", "CrackingTheCodingInterview\Solution2\Ch 08. Recursion and Dynamic Programming\Ch 08. Recursion and Dynamic Programming.csproj", "{0133849A-8948-496B-AB37-B65F3046260E}"
EndProject
Project("{FAE04EC0-301F-11D3-BF4B-00C04F79EFBC}") = "Ch 09. Scalability and Memory Limits", "CrackingTheCodingInterview\Solution2\Ch 09. Scalability and Memory Limits\Ch 09. Scalability and Memory Limits.csproj", "{B45C567B-A66F-4C49-8FC1-1898FA4C0D2B}"
EndProject
Project("{FAE04EC0-301F-11D3-BF4B-00C04F79EFBC}") = "Ch 10. Sorting and Searching", "CrackingTheCodingInterview\Solution2\Ch 10. Sorting and Searching\Ch 10. Sorting and Searching.csproj", "{D0E5F256-93DF-4BF4-844A-650E05B3DCD8}"
EndProject
Project("{FAE04EC0-301F-11D3-BF4B-00C04F79EFBC}") = "Ch 13. Csharp", "CrackingTheCodingInterview\Solution2\Ch 13. Csharp\Ch 13. Csharp.csproj", "{C31E21CC-D48C-4A06-ABDC-340DF4F45894}"
EndProject
Project("{FAE04EC0-301F-11D3-BF4B-00C04F79EFBC}") = "Ch 15. Threads and Locks", "CrackingTheCodingInterview\Solution2\Ch 15. Threads and Locks\Ch 15. Threads and Locks.csproj", "{0E7DB71A-B4DD-480C-9F07-9114E3419008}"
EndProject
Project("{FAE04EC0-301F-11D3-BF4B-00C04F79EFBC}") = "Ch 16. Moderate", "CrackingTheCodingInterview\Solution2\Ch 16. Moderate\Ch 16. Moderate.csproj", "{6BDDFFA8-8E87-4900-87A1-F72728E4EBF9}"
EndProject
Project("{FAE04EC0-301F-11D3-BF4B-00C04F79EFBC}") = "Ch 17. Hard", "CrackingTheCodingInterview\Solution2\Ch 17. Hard\Ch 17. Hard.csproj", "{A0BD29BE-9342-4983-84EC-8E165AC04D47}"
EndProject
Global
	GlobalSection(SolutionConfigurationPlatforms) = preSolution
		Debug|Any CPU = Debug|Any CPU
		Release|Any CPU = Release|Any CPU
	EndGlobalSection
	GlobalSection(ProjectConfigurationPlatforms) = postSolution
		{EFC5CE67-3CDB-44DA-83E6-69651C750535}.Debug|Any CPU.ActiveCfg = Debug|Any CPU
		{EFC5CE67-3CDB-44DA-83E6-69651C750535}.Debug|Any CPU.Build.0 = Debug|Any CPU
		{EFC5CE67-3CDB-44DA-83E6-69651C750535}.Release|Any CPU.ActiveCfg = Release|Any CPU
		{EFC5CE67-3CDB-44DA-83E6-69651C750535}.Release|Any CPU.Build.0 = Release|Any CPU
		{9AD5DE0D-A5ED-4397-B22B-4D7531F15C16}.Debug|Any CPU.ActiveCfg = Debug|Any CPU
		{9AD5DE0D-A5ED-4397-B22B-4D7531F15C16}.Debug|Any CPU.Build.0 = Debug|Any CPU
		{9AD5DE0D-A5ED-4397-B22B-4D7531F15C16}.Release|Any CPU.ActiveCfg = Release|Any CPU
		{9AD5DE0D-A5ED-4397-B22B-4D7531F15C16}.Release|Any CPU.Build.0 = Release|Any CPU
		{7C124A0F-82BD-43C7-BE67-D0B723B6F9BC}.Debug|Any CPU.ActiveCfg = Debug|Any CPU
		{7C124A0F-82BD-43C7-BE67-D0B723B6F9BC}.Debug|Any CPU.Build.0 = Debug|Any CPU
		{7C124A0F-82BD-43C7-BE67-D0B723B6F9BC}.Release|Any CPU.ActiveCfg = Release|Any CPU
		{7C124A0F-82BD-43C7-BE67-D0B723B6F9BC}.Release|Any CPU.Build.0 = Release|Any CPU
		{2E243E7D-EF38-43ED-B547-06064605D485}.Debug|Any CPU.ActiveCfg = Debug|Any CPU
		{2E243E7D-EF38-43ED-B547-06064605D485}.Debug|Any CPU.Build.0 = Debug|Any CPU
		{2E243E7D-EF38-43ED-B547-06064605D485}.Release|Any CPU.ActiveCfg = Release|Any CPU
		{2E243E7D-EF38-43ED-B547-06064605D485}.Release|Any CPU.Build.0 = Release|Any CPU
		{6BDD3E81-A1FE-4568-8171-19D8901C7D12}.Debug|Any CPU.ActiveCfg = Debug|Any CPU
		{6BDD3E81-A1FE-4568-8171-19D8901C7D12}.Debug|Any CPU.Build.0 = Debug|Any CPU
		{6BDD3E81-A1FE-4568-8171-19D8901C7D12}.Release|Any CPU.ActiveCfg = Release|Any CPU
		{6BDD3E81-A1FE-4568-8171-19D8901C7D12}.Release|Any CPU.Build.0 = Release|Any CPU
		{26FC7659-9EAA-4393-AD3C-94556BC2EF3F}.Debug|Any CPU.ActiveCfg = Debug|Any CPU
		{26FC7659-9EAA-4393-AD3C-94556BC2EF3F}.Debug|Any CPU.Build.0 = Debug|Any CPU
		{26FC7659-9EAA-4393-AD3C-94556BC2EF3F}.Release|Any CPU.ActiveCfg = Release|Any CPU
		{26FC7659-9EAA-4393-AD3C-94556BC2EF3F}.Release|Any CPU.Build.0 = Release|Any CPU
		{26F9AAB2-3BD1-4DA6-B5B7-FC3809382823}.Debug|Any CPU.ActiveCfg = Debug|Any CPU
		{26F9AAB2-3BD1-4DA6-B5B7-FC3809382823}.Debug|Any CPU.Build.0 = Debug|Any CPU
		{26F9AAB2-3BD1-4DA6-B5B7-FC3809382823}.Release|Any CPU.ActiveCfg = Release|Any CPU
		{26F9AAB2-3BD1-4DA6-B5B7-FC3809382823}.Release|Any CPU.Build.0 = Release|Any CPU
		{784C2ADD-8422-44DB-920D-6200EC0875F9}.Debug|Any CPU.ActiveCfg = Debug|Any CPU
		{784C2ADD-8422-44DB-920D-6200EC0875F9}.Debug|Any CPU.Build.0 = Debug|Any CPU
		{784C2ADD-8422-44DB-920D-6200EC0875F9}.Release|Any CPU.ActiveCfg = Release|Any CPU
		{784C2ADD-8422-44DB-920D-6200EC0875F9}.Release|Any CPU.Build.0 = Release|Any CPU
		{DA15517F-92FC-475D-92DE-72BBDEF63603}.Debug|Any CPU.ActiveCfg = Debug|Any CPU
		{DA15517F-92FC-475D-92DE-72BBDEF63603}.Debug|Any CPU.Build.0 = Debug|Any CPU
		{DA15517F-92FC-475D-92DE-72BBDEF63603}.Release|Any CPU.ActiveCfg = Release|Any CPU
		{DA15517F-92FC-475D-92DE-72BBDEF63603}.Release|Any CPU.Build.0 = Release|Any CPU
		{CF19BC1A-E4DB-426C-9DF7-B3865EAE257D}.Debug|Any CPU.ActiveCfg = Debug|Any CPU
		{CF19BC1A-E4DB-426C-9DF7-B3865EAE257D}.Debug|Any CPU.Build.0 = Debug|Any CPU
		{CF19BC1A-E4DB-426C-9DF7-B3865EAE257D}.Release|Any CPU.ActiveCfg = Release|Any CPU
		{CF19BC1A-E4DB-426C-9DF7-B3865EAE257D}.Release|Any CPU.Build.0 = Release|Any CPU
		{1174323F-1CE1-43DB-B2BF-7A4B2E5B5400}.Debug|Any CPU.ActiveCfg = Debug|Any CPU
		{1174323F-1CE1-43DB-B2BF-7A4B2E5B5400}.Debug|Any CPU.Build.0 = Debug|Any CPU
		{1174323F-1CE1-43DB-B2BF-7A4B2E5B5400}.Release|Any CPU.ActiveCfg = Release|Any CPU
		{1174323F-1CE1-43DB-B2BF-7A4B2E5B5400}.Release|Any CPU.Build.0 = Release|Any CPU
		{222EE5E2-15E8-4D7A-B265-BFE479FDD4DF}.Debug|Any CPU.ActiveCfg = Debug|Any CPU
		{222EE5E2-15E8-4D7A-B265-BFE479FDD4DF}.Debug|Any CPU.Build.0 = Debug|Any CPU
		{222EE5E2-15E8-4D7A-B265-BFE479FDD4DF}.Release|Any CPU.ActiveCfg = Release|Any CPU
		{222EE5E2-15E8-4D7A-B265-BFE479FDD4DF}.Release|Any CPU.Build.0 = Release|Any CPU
		{B6D4B1D6-F0CF-46F4-948F-899348FDE34C}.Debug|Any CPU.ActiveCfg = Debug|Any CPU
		{B6D4B1D6-F0CF-46F4-948F-899348FDE34C}.Debug|Any CPU.Build.0 = Debug|Any CPU
		{B6D4B1D6-F0CF-46F4-948F-899348FDE34C}.Release|Any CPU.ActiveCfg = Release|Any CPU
		{B6D4B1D6-F0CF-46F4-948F-899348FDE34C}.Release|Any CPU.Build.0 = Release|Any CPU
		{2D2D5E79-EA35-49B9-8028-CEB4858F1545}.Debug|Any CPU.ActiveCfg = Debug|Any CPU
		{2D2D5E79-EA35-49B9-8028-CEB4858F1545}.Debug|Any CPU.Build.0 = Debug|Any CPU
		{2D2D5E79-EA35-49B9-8028-CEB4858F1545}.Release|Any CPU.ActiveCfg = Release|Any CPU
		{2D2D5E79-EA35-49B9-8028-CEB4858F1545}.Release|Any CPU.Build.0 = Release|Any CPU
		{326E67B4-BFD6-477B-8EC7-FCEFFB2A6883}.Debug|Any CPU.ActiveCfg = Debug|Any CPU
		{326E67B4-BFD6-477B-8EC7-FCEFFB2A6883}.Debug|Any CPU.Build.0 = Debug|Any CPU
		{326E67B4-BFD6-477B-8EC7-FCEFFB2A6883}.Release|Any CPU.ActiveCfg = Release|Any CPU
		{326E67B4-BFD6-477B-8EC7-FCEFFB2A6883}.Release|Any CPU.Build.0 = Release|Any CPU
		{0B495C38-9D0D-4CD8-A273-0AD1755F6AF7}.Debug|Any CPU.ActiveCfg = Debug|Any CPU
		{0B495C38-9D0D-4CD8-A273-0AD1755F6AF7}.Debug|Any CPU.Build.0 = Debug|Any CPU
		{0B495C38-9D0D-4CD8-A273-0AD1755F6AF7}.Release|Any CPU.ActiveCfg = Release|Any CPU
		{0B495C38-9D0D-4CD8-A273-0AD1755F6AF7}.Release|Any CPU.Build.0 = Release|Any CPU
		{64C0A713-81F0-4C90-9070-D54CF44D6CD6}.Debug|Any CPU.ActiveCfg = Debug|Any CPU
		{64C0A713-81F0-4C90-9070-D54CF44D6CD6}.Debug|Any CPU.Build.0 = Debug|Any CPU
		{64C0A713-81F0-4C90-9070-D54CF44D6CD6}.Release|Any CPU.ActiveCfg = Release|Any CPU
		{64C0A713-81F0-4C90-9070-D54CF44D6CD6}.Release|Any CPU.Build.0 = Release|Any CPU
		{74238BEE-0028-4CDC-AE55-A35F5BDF3EB0}.Debug|Any CPU.ActiveCfg = Debug|Any CPU
		{74238BEE-0028-4CDC-AE55-A35F5BDF3EB0}.Debug|Any CPU.Build.0 = Debug|Any CPU
		{74238BEE-0028-4CDC-AE55-A35F5BDF3EB0}.Release|Any CPU.ActiveCfg = Release|Any CPU
		{74238BEE-0028-4CDC-AE55-A35F5BDF3EB0}.Release|Any CPU.Build.0 = Release|Any CPU
		{10A472E3-CE9F-453F-85DA-B41270A89100}.Debug|Any CPU.ActiveCfg = Debug|Any CPU
		{10A472E3-CE9F-453F-85DA-B41270A89100}.Debug|Any CPU.Build.0 = Debug|Any CPU
		{10A472E3-CE9F-453F-85DA-B41270A89100}.Release|Any CPU.ActiveCfg = Release|Any CPU
		{10A472E3-CE9F-453F-85DA-B41270A89100}.Release|Any CPU.Build.0 = Release|Any CPU
		{E7583487-D414-4272-A5E5-1FE805305AA9}.Debug|Any CPU.ActiveCfg = Debug|Any CPU
		{E7583487-D414-4272-A5E5-1FE805305AA9}.Debug|Any CPU.Build.0 = Debug|Any CPU
		{E7583487-D414-4272-A5E5-1FE805305AA9}.Release|Any CPU.ActiveCfg = Release|Any CPU
		{E7583487-D414-4272-A5E5-1FE805305AA9}.Release|Any CPU.Build.0 = Release|Any CPU
		{E8CE542E-8C66-46DF-BE0B-BE9A9706152B}.Debug|Any CPU.ActiveCfg = Debug|Any CPU
		{E8CE542E-8C66-46DF-BE0B-BE9A9706152B}.Debug|Any CPU.Build.0 = Debug|Any CPU
		{E8CE542E-8C66-46DF-BE0B-BE9A9706152B}.Release|Any CPU.ActiveCfg = Release|Any CPU
		{E8CE542E-8C66-46DF-BE0B-BE9A9706152B}.Release|Any CPU.Build.0 = Release|Any CPU
		{8D0DA878-1159-42ED-BD68-267EB9A77A62}.Debug|Any CPU.ActiveCfg = Debug|Any CPU
		{8D0DA878-1159-42ED-BD68-267EB9A77A62}.Debug|Any CPU.Build.0 = Debug|Any CPU
		{8D0DA878-1159-42ED-BD68-267EB9A77A62}.Release|Any CPU.ActiveCfg = Release|Any CPU
		{8D0DA878-1159-42ED-BD68-267EB9A77A62}.Release|Any CPU.Build.0 = Release|Any CPU
		{36A745FA-4257-469E-8FE7-72A1B0F5177B}.Debug|Any CPU.ActiveCfg = Debug|Any CPU
		{36A745FA-4257-469E-8FE7-72A1B0F5177B}.Debug|Any CPU.Build.0 = Debug|Any CPU
		{36A745FA-4257-469E-8FE7-72A1B0F5177B}.Release|Any CPU.ActiveCfg = Release|Any CPU
		{36A745FA-4257-469E-8FE7-72A1B0F5177B}.Release|Any CPU.Build.0 = Release|Any CPU
		{ABDEAE1D-4492-43A4-BD9B-B5EFC54A8BBB}.Debug|Any CPU.ActiveCfg = Debug|Any CPU
		{ABDEAE1D-4492-43A4-BD9B-B5EFC54A8BBB}.Debug|Any CPU.Build.0 = Debug|Any CPU
		{ABDEAE1D-4492-43A4-BD9B-B5EFC54A8BBB}.Release|Any CPU.ActiveCfg = Release|Any CPU
		{ABDEAE1D-4492-43A4-BD9B-B5EFC54A8BBB}.Release|Any CPU.Build.0 = Release|Any CPU
		{767427C2-9F31-46EA-94A2-38E1CFB1E12C}.Debug|Any CPU.ActiveCfg = Debug|Any CPU
		{767427C2-9F31-46EA-94A2-38E1CFB1E12C}.Debug|Any CPU.Build.0 = Debug|Any CPU
		{767427C2-9F31-46EA-94A2-38E1CFB1E12C}.Release|Any CPU.ActiveCfg = Release|Any CPU
		{767427C2-9F31-46EA-94A2-38E1CFB1E12C}.Release|Any CPU.Build.0 = Release|Any CPU
		{07C5FA2D-0E4C-4F62-AF3E-E9A3BBE7F852}.Debug|Any CPU.ActiveCfg = Debug|Any CPU
		{07C5FA2D-0E4C-4F62-AF3E-E9A3BBE7F852}.Debug|Any CPU.Build.0 = Debug|Any CPU
		{07C5FA2D-0E4C-4F62-AF3E-E9A3BBE7F852}.Release|Any CPU.ActiveCfg = Release|Any CPU
		{07C5FA2D-0E4C-4F62-AF3E-E9A3BBE7F852}.Release|Any CPU.Build.0 = Release|Any CPU
		{20ED6760-9391-42CE-A2E7-D5EA505A5FF7}.Debug|Any CPU.ActiveCfg = Debug|Any CPU
		{20ED6760-9391-42CE-A2E7-D5EA505A5FF7}.Debug|Any CPU.Build.0 = Debug|Any CPU
		{20ED6760-9391-42CE-A2E7-D5EA505A5FF7}.Release|Any CPU.ActiveCfg = Release|Any CPU
		{20ED6760-9391-42CE-A2E7-D5EA505A5FF7}.Release|Any CPU.Build.0 = Release|Any CPU
		{159DD0CB-B21C-43A6-9183-829AB3FBEC00}.Debug|Any CPU.ActiveCfg = Debug|Any CPU
		{159DD0CB-B21C-43A6-9183-829AB3FBEC00}.Debug|Any CPU.Build.0 = Debug|Any CPU
		{159DD0CB-B21C-43A6-9183-829AB3FBEC00}.Release|Any CPU.ActiveCfg = Release|Any CPU
		{159DD0CB-B21C-43A6-9183-829AB3FBEC00}.Release|Any CPU.Build.0 = Release|Any CPU
		{0B6A1DB5-2A1D-49B5-8ABD-DA1FBB607D8F}.Debug|Any CPU.ActiveCfg = Debug|Any CPU
		{0B6A1DB5-2A1D-49B5-8ABD-DA1FBB607D8F}.Debug|Any CPU.Build.0 = Debug|Any CPU
		{0B6A1DB5-2A1D-49B5-8ABD-DA1FBB607D8F}.Release|Any CPU.ActiveCfg = Release|Any CPU
		{0B6A1DB5-2A1D-49B5-8ABD-DA1FBB607D8F}.Release|Any CPU.Build.0 = Release|Any CPU
		{0A05B1CE-FAA0-417F-A1A3-A355CB5786DB}.Debug|Any CPU.ActiveCfg = Debug|Any CPU
		{0A05B1CE-FAA0-417F-A1A3-A355CB5786DB}.Debug|Any CPU.Build.0 = Debug|Any CPU
		{0A05B1CE-FAA0-417F-A1A3-A355CB5786DB}.Release|Any CPU.ActiveCfg = Release|Any CPU
		{0A05B1CE-FAA0-417F-A1A3-A355CB5786DB}.Release|Any CPU.Build.0 = Release|Any CPU
		{0133849A-8948-496B-AB37-B65F3046260E}.Debug|Any CPU.ActiveCfg = Debug|Any CPU
		{0133849A-8948-496B-AB37-B65F3046260E}.Debug|Any CPU.Build.0 = Debug|Any CPU
		{0133849A-8948-496B-AB37-B65F3046260E}.Release|Any CPU.ActiveCfg = Release|Any CPU
		{0133849A-8948-496B-AB37-B65F3046260E}.Release|Any CPU.Build.0 = Release|Any CPU
		{B45C567B-A66F-4C49-8FC1-1898FA4C0D2B}.Debug|Any CPU.ActiveCfg = Debug|Any CPU
		{B45C567B-A66F-4C49-8FC1-1898FA4C0D2B}.Debug|Any CPU.Build.0 = Debug|Any CPU
		{B45C567B-A66F-4C49-8FC1-1898FA4C0D2B}.Release|Any CPU.ActiveCfg = Release|Any CPU
		{B45C567B-A66F-4C49-8FC1-1898FA4C0D2B}.Release|Any CPU.Build.0 = Release|Any CPU
		{D0E5F256-93DF-4BF4-844A-650E05B3DCD8}.Debug|Any CPU.ActiveCfg = Debug|Any CPU
		{D0E5F256-93DF-4BF4-844A-650E05B3DCD8}.Debug|Any CPU.Build.0 = Debug|Any CPU
		{D0E5F256-93DF-4BF4-844A-650E05B3DCD8}.Release|Any CPU.ActiveCfg = Release|Any CPU
		{D0E5F256-93DF-4BF4-844A-650E05B3DCD8}.Release|Any CPU.Build.0 = Release|Any CPU
		{C31E21CC-D48C-4A06-ABDC-340DF4F45894}.Debug|Any CPU.ActiveCfg = Debug|Any CPU
		{C31E21CC-D48C-4A06-ABDC-340DF4F45894}.Debug|Any CPU.Build.0 = Debug|Any CPU
		{C31E21CC-D48C-4A06-ABDC-340DF4F45894}.Release|Any CPU.ActiveCfg = Release|Any CPU
		{C31E21CC-D48C-4A06-ABDC-340DF4F45894}.Release|Any CPU.Build.0 = Release|Any CPU
		{0E7DB71A-B4DD-480C-9F07-9114E3419008}.Debug|Any CPU.ActiveCfg = Debug|Any CPU
		{0E7DB71A-B4DD-480C-9F07-9114E3419008}.Debug|Any CPU.Build.0 = Debug|Any CPU
		{0E7DB71A-B4DD-480C-9F07-9114E3419008}.Release|Any CPU.ActiveCfg = Release|Any CPU
		{0E7DB71A-B4DD-480C-9F07-9114E3419008}.Release|Any CPU.Build.0 = Release|Any CPU
		{6BDDFFA8-8E87-4900-87A1-F72728E4EBF9}.Debug|Any CPU.ActiveCfg = Debug|Any CPU
		{6BDDFFA8-8E87-4900-87A1-F72728E4EBF9}.Debug|Any CPU.Build.0 = Debug|Any CPU
		{6BDDFFA8-8E87-4900-87A1-F72728E4EBF9}.Release|Any CPU.ActiveCfg = Release|Any CPU
		{6BDDFFA8-8E87-4900-87A1-F72728E4EBF9}.Release|Any CPU.Build.0 = Release|Any CPU
		{A0BD29BE-9342-4983-84EC-8E165AC04D47}.Debug|Any CPU.ActiveCfg = Debug|Any CPU
		{A0BD29BE-9342-4983-84EC-8E165AC04D47}.Debug|Any CPU.Build.0 = Debug|Any CPU
		{A0BD29BE-9342-4983-84EC-8E165AC04D47}.Release|Any CPU.ActiveCfg = Release|Any CPU
		{A0BD29BE-9342-4983-84EC-8E165AC04D47}.Release|Any CPU.Build.0 = Release|Any CPU
	EndGlobalSection
	GlobalSection(SolutionProperties) = preSolution
		HideSolutionNode = FALSE
	EndGlobalSection
	GlobalSection(NestedProjects) = preSolution
		{2E243E7D-EF38-43ED-B547-06064605D485} = {0669D273-5E3A-4FB2-B575-263FBB983796}
		{6BDD3E81-A1FE-4568-8171-19D8901C7D12} = {0669D273-5E3A-4FB2-B575-263FBB983796}
		{26FC7659-9EAA-4393-AD3C-94556BC2EF3F} = {0669D273-5E3A-4FB2-B575-263FBB983796}
		{26F9AAB2-3BD1-4DA6-B5B7-FC3809382823} = {0669D273-5E3A-4FB2-B575-263FBB983796}
		{784C2ADD-8422-44DB-920D-6200EC0875F9} = {0669D273-5E3A-4FB2-B575-263FBB983796}
		{DA15517F-92FC-475D-92DE-72BBDEF63603} = {0669D273-5E3A-4FB2-B575-263FBB983796}
		{F1EAE37B-941D-45CC-8B36-E7974278553C} = {D6242BD2-6428-423C-BA55-BD5FC70FDE25}
		{8614EAA9-07B6-4F4B-94CF-4EC046AB67C4} = {D6242BD2-6428-423C-BA55-BD5FC70FDE25}
		{CF19BC1A-E4DB-426C-9DF7-B3865EAE257D} = {F1EAE37B-941D-45CC-8B36-E7974278553C}
		{1174323F-1CE1-43DB-B2BF-7A4B2E5B5400} = {F1EAE37B-941D-45CC-8B36-E7974278553C}
		{222EE5E2-15E8-4D7A-B265-BFE479FDD4DF} = {F1EAE37B-941D-45CC-8B36-E7974278553C}
		{B6D4B1D6-F0CF-46F4-948F-899348FDE34C} = {F1EAE37B-941D-45CC-8B36-E7974278553C}
		{2D2D5E79-EA35-49B9-8028-CEB4858F1545} = {F1EAE37B-941D-45CC-8B36-E7974278553C}
		{326E67B4-BFD6-477B-8EC7-FCEFFB2A6883} = {F1EAE37B-941D-45CC-8B36-E7974278553C}
		{0B495C38-9D0D-4CD8-A273-0AD1755F6AF7} = {F1EAE37B-941D-45CC-8B36-E7974278553C}
		{64C0A713-81F0-4C90-9070-D54CF44D6CD6} = {F1EAE37B-941D-45CC-8B36-E7974278553C}
		{74238BEE-0028-4CDC-AE55-A35F5BDF3EB0} = {F1EAE37B-941D-45CC-8B36-E7974278553C}
		{10A472E3-CE9F-453F-85DA-B41270A89100} = {F1EAE37B-941D-45CC-8B36-E7974278553C}
		{E7583487-D414-4272-A5E5-1FE805305AA9} = {F1EAE37B-941D-45CC-8B36-E7974278553C}
		{E8CE542E-8C66-46DF-BE0B-BE9A9706152B} = {F1EAE37B-941D-45CC-8B36-E7974278553C}
		{8D0DA878-1159-42ED-BD68-267EB9A77A62} = {F1EAE37B-941D-45CC-8B36-E7974278553C}
		{36A745FA-4257-469E-8FE7-72A1B0F5177B} = {8614EAA9-07B6-4F4B-94CF-4EC046AB67C4}
		{ABDEAE1D-4492-43A4-BD9B-B5EFC54A8BBB} = {8614EAA9-07B6-4F4B-94CF-4EC046AB67C4}
		{767427C2-9F31-46EA-94A2-38E1CFB1E12C} = {8614EAA9-07B6-4F4B-94CF-4EC046AB67C4}
		{07C5FA2D-0E4C-4F62-AF3E-E9A3BBE7F852} = {8614EAA9-07B6-4F4B-94CF-4EC046AB67C4}
		{20ED6760-9391-42CE-A2E7-D5EA505A5FF7} = {8614EAA9-07B6-4F4B-94CF-4EC046AB67C4}
		{159DD0CB-B21C-43A6-9183-829AB3FBEC00} = {8614EAA9-07B6-4F4B-94CF-4EC046AB67C4}
		{0B6A1DB5-2A1D-49B5-8ABD-DA1FBB607D8F} = {8614EAA9-07B6-4F4B-94CF-4EC046AB67C4}
		{0A05B1CE-FAA0-417F-A1A3-A355CB5786DB} = {8614EAA9-07B6-4F4B-94CF-4EC046AB67C4}
		{0133849A-8948-496B-AB37-B65F3046260E} = {8614EAA9-07B6-4F4B-94CF-4EC046AB67C4}
		{B45C567B-A66F-4C49-8FC1-1898FA4C0D2B} = {8614EAA9-07B6-4F4B-94CF-4EC046AB67C4}
		{D0E5F256-93DF-4BF4-844A-650E05B3DCD8} = {8614EAA9-07B6-4F4B-94CF-4EC046AB67C4}
		{C31E21CC-D48C-4A06-ABDC-340DF4F45894} = {8614EAA9-07B6-4F4B-94CF-4EC046AB67C4}
		{0E7DB71A-B4DD-480C-9F07-9114E3419008} = {8614EAA9-07B6-4F4B-94CF-4EC046AB67C4}
		{6BDDFFA8-8E87-4900-87A1-F72728E4EBF9} = {8614EAA9-07B6-4F4B-94CF-4EC046AB67C4}
		{A0BD29BE-9342-4983-84EC-8E165AC04D47} = {8614EAA9-07B6-4F4B-94CF-4EC046AB67C4}
	EndGlobalSection
	GlobalSection(ExtensibilityGlobals) = postSolution
		SolutionGuid = {A6240CBC-746B-498C-8980-72F43BD76437}
	EndGlobalSection
EndGlobal
